// !$*UTF8*$!
{
	archiveVersion = 1;
	classes = {
	};
	objectVersion = 50;
	objects = {

/* Begin PBXBuildFile section */
		BB09695F21E17C9200506E90 /* AppDelegate.swift in Sources */ = {isa = PBXBuildFile; fileRef = BB09695E21E17C9200506E90 /* AppDelegate.swift */; };
		BB09696121E17C9200506E90 /* ViewController.swift in Sources */ = {isa = PBXBuildFile; fileRef = BB09696021E17C9200506E90 /* ViewController.swift */; };
		BB09696421E17C9200506E90 /* Main.storyboard in Resources */ = {isa = PBXBuildFile; fileRef = BB09696221E17C9200506E90 /* Main.storyboard */; };
		BB09696621E17C9300506E90 /* Assets.xcassets in Resources */ = {isa = PBXBuildFile; fileRef = BB09696521E17C9300506E90 /* Assets.xcassets */; };
		BB09696921E17C9300506E90 /* LaunchScreen.storyboard in Resources */ = {isa = PBXBuildFile; fileRef = BB09696721E17C9300506E90 /* LaunchScreen.storyboard */; };
		BB09698D21E187B500506E90 /* ScreenRecorder.swift in Sources */ = {isa = PBXBuildFile; fileRef = BB09698C21E187B500506E90 /* ScreenRecorder.swift */; };
		BB09698F21E1A15600506E90 /* StatusBarUI.swift in Sources */ = {isa = PBXBuildFile; fileRef = BB09698E21E1A15600506E90 /* StatusBarUI.swift */; };
/* End PBXBuildFile section */

/* Begin PBXFileReference section */
		BB09695B21E17C9200506E90 /* SampleReplayKit.app */ = {isa = PBXFileReference; explicitFileType = wrapper.application; includeInIndex = 0; path = SampleReplayKit.app; sourceTree = BUILT_PRODUCTS_DIR; };
		BB09695E21E17C9200506E90 /* AppDelegate.swift */ = {isa = PBXFileReference; lastKnownFileType = sourcecode.swift; path = AppDelegate.swift; sourceTree = "<group>"; };
		BB09696021E17C9200506E90 /* ViewController.swift */ = {isa = PBXFileReference; lastKnownFileType = sourcecode.swift; path = ViewController.swift; sourceTree = "<group>"; };
		BB09696321E17C9200506E90 /* Base */ = {isa = PBXFileReference; lastKnownFileType = file.storyboard; name = Base; path = Base.lproj/Main.storyboard; sourceTree = "<group>"; };
		BB09696521E17C9300506E90 /* Assets.xcassets */ = {isa = PBXFileReference; lastKnownFileType = folder.assetcatalog; path = Assets.xcassets; sourceTree = "<group>"; };
		BB09696821E17C9300506E90 /* Base */ = {isa = PBXFileReference; lastKnownFileType = file.storyboard; name = Base; path = Base.lproj/LaunchScreen.storyboard; sourceTree = "<group>"; };
		BB09696A21E17C9300506E90 /* Info.plist */ = {isa = PBXFileReference; lastKnownFileType = text.plist.xml; path = Info.plist; sourceTree = "<group>"; };
		BB09698C21E187B500506E90 /* ScreenRecorder.swift */ = {isa = PBXFileReference; lastKnownFileType = sourcecode.swift; path = ScreenRecorder.swift; sourceTree = "<group>"; };
		BB09698E21E1A15600506E90 /* StatusBarUI.swift */ = {isa = PBXFileReference; lastKnownFileType = sourcecode.swift; path = StatusBarUI.swift; sourceTree = "<group>"; };
/* End PBXFileReference section */

/* Begin PBXFrameworksBuildPhase section */
		BB09695821E17C9200506E90 /* Frameworks */ = {
			isa = PBXFrameworksBuildPhase;
			buildActionMask = 2147483647;
			files = (
			);
			runOnlyForDeploymentPostprocessing = 0;
		};
/* End PBXFrameworksBuildPhase section */

/* Begin PBXGroup section */
		BB09695221E17C9200506E90 = {
			isa = PBXGroup;
			children = (
				BB09695D21E17C9200506E90 /* SampleReplayKit */,
				BB09695C21E17C9200506E90 /* Products */,
			);
			sourceTree = "<group>";
		};
		BB09695C21E17C9200506E90 /* Products */ = {
			isa = PBXGroup;
			children = (
				BB09695B21E17C9200506E90 /* SampleReplayKit.app */,
			);
			name = Products;
			sourceTree = "<group>";
		};
		BB09695D21E17C9200506E90 /* SampleReplayKit */ = {
			isa = PBXGroup;
			children = (
				BB09695E21E17C9200506E90 /* AppDelegate.swift */,
				BB09696021E17C9200506E90 /* ViewController.swift */,
				BB09698E21E1A15600506E90 /* StatusBarUI.swift */,
				BB09698C21E187B500506E90 /* ScreenRecorder.swift */,
				BB09696221E17C9200506E90 /* Main.storyboard */,
				BB09696521E17C9300506E90 /* Assets.xcassets */,
				BB09696721E17C9300506E90 /* LaunchScreen.storyboard */,
				BB09696A21E17C9300506E90 /* Info.plist */,
			);
			path = SampleReplayKit;
			sourceTree = "<group>";
		};
/* End PBXGroup section */

/* Begin PBXNativeTarget section */
		BB09695A21E17C9200506E90 /* SampleReplayKit */ = {
			isa = PBXNativeTarget;
			buildConfigurationList = BB09698321E17C9300506E90 /* Build configuration list for PBXNativeTarget "SampleReplayKit" */;
			buildPhases = (
				BB09695721E17C9200506E90 /* Sources */,
				BB09695821E17C9200506E90 /* Frameworks */,
				BB09695921E17C9200506E90 /* Resources */,
			);
			buildRules = (
			);
			dependencies = (
			);
			name = SampleReplayKit;
			productName = SampleReplayKit;
			productReference = BB09695B21E17C9200506E90 /* SampleReplayKit.app */;
			productType = "com.apple.product-type.application";
		};
/* End PBXNativeTarget section */

/* Begin PBXProject section */
		BB09695321E17C9200506E90 /* Project object */ = {
			isa = PBXProject;
			attributes = {
				LastSwiftUpdateCheck = 1010;
				LastUpgradeCheck = 1010;
				ORGANIZATIONNAME = "永田大祐";
				TargetAttributes = {
					BB09695A21E17C9200506E90 = {
						CreatedOnToolsVersion = 10.1;
						LastSwiftMigration = 1020;
					};
				};
			};
			buildConfigurationList = BB09695621E17C9200506E90 /* Build configuration list for PBXProject "SampleReplayKit" */;
			compatibilityVersion = "Xcode 9.3";
			developmentRegion = en;
			hasScannedForEncodings = 0;
			knownRegions = (
				en,
				Base,
			);
			mainGroup = BB09695221E17C9200506E90;
			productRefGroup = BB09695C21E17C9200506E90 /* Products */;
			projectDirPath = "";
			projectRoot = "";
			targets = (
				BB09695A21E17C9200506E90 /* SampleReplayKit */,
			);
		};
/* End PBXProject section */

/* Begin PBXResourcesBuildPhase section */
		BB09695921E17C9200506E90 /* Resources */ = {
			isa = PBXResourcesBuildPhase;
			buildActionMask = 2147483647;
			files = (
				BB09696921E17C9300506E90 /* LaunchScreen.storyboard in Resources */,
				BB09696621E17C9300506E90 /* Assets.xcassets in Resources */,
				BB09696421E17C9200506E90 /* Main.storyboard in Resources */,
			);
			runOnlyForDeploymentPostprocessing = 0;
		};
/* End PBXResourcesBuildPhase section */

/* Begin PBXSourcesBuildPhase section */
		BB09695721E17C9200506E90 /* Sources */ = {
			isa = PBXSourcesBuildPhase;
			buildActionMask = 2147483647;
			files = (
				BB09696121E17C9200506E90 /* ViewController.swift in Sources */,
				BB09695F21E17C9200506E90 /* AppDelegate.swift in Sources */,
				BB09698D21E187B500506E90 /* ScreenRecorder.swift in Sources */,
				BB09698F21E1A15600506E90 /* StatusBarUI.swift in Sources */,
			);
			runOnlyForDeploymentPostprocessing = 0;
		};
/* End PBXSourcesBuildPhase section */

/* Begin PBXVariantGroup section */
		BB09696221E17C9200506E90 /* Main.storyboard */ = {
			isa = PBXVariantGroup;
			children = (
				BB09696321E17C9200506E90 /* Base */,
			);
			name = Main.storyboard;
			sourceTree = "<group>";
		};
		BB09696721E17C9300506E90 /* LaunchScreen.storyboard */ = {
			isa = PBXVariantGroup;
			children = (
				BB09696821E17C9300506E90 /* Base */,
			);
			name = LaunchScreen.storyboard;
			sourceTree = "<group>";
		};
/* End PBXVariantGroup section */

/* Begin XCBuildConfiguration section */
		BB09698121E17C9300506E90 /* Debug */ = {
			isa = XCBuildConfiguration;
			buildSettings = {
				ALWAYS_SEARCH_USER_PATHS = NO;
				CLANG_ANALYZER_NONNULL = YES;
				CLANG_ANALYZER_NUMBER_OBJECT_CONVERSION = YES_AGGRESSIVE;
				CLANG_CXX_LANGUAGE_STANDARD = "gnu++14";
				CLANG_CXX_LIBRARY = "libc++";
				CLANG_ENABLE_MODULES = YES;
				CLANG_ENABLE_OBJC_ARC = YES;
				CLANG_ENABLE_OBJC_WEAK = YES;
				CLANG_WARN_BLOCK_CAPTURE_AUTORELEASING = YES;
				CLANG_WARN_BOOL_CONVERSION = YES;
				CLANG_WARN_COMMA = YES;
				CLANG_WARN_CONSTANT_CONVERSION = YES;
				CLANG_WARN_DEPRECATED_OBJC_IMPLEMENTATIONS = YES;
				CLANG_WARN_DIRECT_OBJC_ISA_USAGE = YES_ERROR;
				CLANG_WARN_DOCUMENTATION_COMMENTS = YES;
				CLANG_WARN_EMPTY_BODY = YES;
				CLANG_WARN_ENUM_CONVERSION = YES;
				CLANG_WARN_INFINITE_RECURSION = YES;
				CLANG_WARN_INT_CONVERSION = YES;
				CLANG_WARN_NON_LITERAL_NULL_CONVERSION = YES;
				CLANG_WARN_OBJC_IMPLICIT_RETAIN_SELF = YES;
				CLANG_WARN_OBJC_LITERAL_CONVERSION = YES;
				CLANG_WARN_OBJC_ROOT_CLASS = YES_ERROR;
				CLANG_WARN_RANGE_LOOP_ANALYSIS = YES;
				CLANG_WARN_STRICT_PROTOTYPES = YES;
				CLANG_WARN_SUSPICIOUS_MOVE = YES;
				CLANG_WARN_UNGUARDED_AVAILABILITY = YES_AGGRESSIVE;
				CLANG_WARN_UNREACHABLE_CODE = YES;
				CLANG_WARN__DUPLICATE_METHOD_MATCH = YES;
				CODE_SIGN_IDENTITY = "iPhone Developer";
				COPY_PHASE_STRIP = NO;
				DEBUG_INFORMATION_FORMAT = dwarf;
				ENABLE_STRICT_OBJC_MSGSEND = YES;
				ENABLE_TESTABILITY = YES;
				GCC_C_LANGUAGE_STANDARD = gnu11;
				GCC_DYNAMIC_NO_PIC = NO;
				GCC_NO_COMMON_BLOCKS = YES;
				GCC_OPTIMIZATION_LEVEL = 0;
				GCC_PREPROCESSOR_DEFINITIONS = (
					"DEBUG=1",
					"$(inherited)",
				);
				GCC_WARN_64_TO_32_BIT_CONVERSION = YES;
				GCC_WARN_ABOUT_RETURN_TYPE = YES_ERROR;
				GCC_WARN_UNDECLARED_SELECTOR = YES;
				GCC_WARN_UNINITIALIZED_AUTOS = YES_AGGRESSIVE;
				GCC_WARN_UNUSED_FUNCTION = YES;
				GCC_WARN_UNUSED_VARIABLE = YES;
				IPHONEOS_DEPLOYMENT_TARGET = 12.1;
				MTL_ENABLE_DEBUG_INFO = INCLUDE_SOURCE;
				MTL_FAST_MATH = YES;
				ONLY_ACTIVE_ARCH = YES;
				SDKROOT = iphoneos;
				SWIFT_ACTIVE_COMPILATION_CONDITIONS = DEBUG;
				SWIFT_OPTIMIZATION_LEVEL = "-Onone";
			};
			name = Debug;
		};
		BB09698221E17C9300506E90 /* Release */ = {
			isa = XCBuildConfiguration;
			buildSettings = {
				ALWAYS_SEARCH_USER_PATHS = NO;
				CLANG_ANALYZER_NONNULL = YES;
				CLANG_ANALYZER_NUMBER_OBJECT_CONVERSION = YES_AGGRESSIVE;
				CLANG_CXX_LANGUAGE_STANDARD = "gnu++14";
				CLANG_CXX_LIBRARY = "libc++";
				CLANG_ENABLE_MODULES = YES;
				CLANG_ENABLE_OBJC_ARC = YES;
				CLANG_ENABLE_OBJC_WEAK = YES;
				CLANG_WARN_BLOCK_CAPTURE_AUTORELEASING = YES;
				CLANG_WARN_BOOL_CONVERSION = YES;
				CLANG_WARN_COMMA = YES;
				CLANG_WARN_CONSTANT_CONVERSION = YES;
				CLANG_WARN_DEPRECATED_OBJC_IMPLEMENTATIONS = YES;
				CLANG_WARN_DIRECT_OBJC_ISA_USAGE = YES_ERROR;
				CLANG_WARN_DOCUMENTATION_COMMENTS = YES;
				CLANG_WARN_EMPTY_BODY = YES;
				CLANG_WARN_ENUM_CONVERSION = YES;
				CLANG_WARN_INFINITE_RECURSION = YES;
				CLANG_WARN_INT_CONVERSION = YES;
				CLANG_WARN_NON_LITERAL_NULL_CONVERSION = YES;
				CLANG_WARN_OBJC_IMPLICIT_RETAIN_SELF = YES;
				CLANG_WARN_OBJC_LITERAL_CONVERSION = YES;
				CLANG_WARN_OBJC_ROOT_CLASS = YES_ERROR;
				CLANG_WARN_RANGE_LOOP_ANALYSIS = YES;
				CLANG_WARN_STRICT_PROTOTYPES = YES;
				CLANG_WARN_SUSPICIOUS_MOVE = YES;
				CLANG_WARN_UNGUARDED_AVAILABILITY = YES_AGGRESSIVE;
				CLANG_WARN_UNREACHABLE_CODE = YES;
				CLANG_WARN__DUPLICATE_METHOD_MATCH = YES;
				CODE_SIGN_IDENTITY = "iPhone Developer";
				COPY_PHASE_STRIP = NO;
				DEBUG_INFORMATION_FORMAT = "dwarf-with-dsym";
				ENABLE_NS_ASSERTIONS = NO;
				ENABLE_STRICT_OBJC_MSGSEND = YES;
				GCC_C_LANGUAGE_STANDARD = gnu11;
				GCC_NO_COMMON_BLOCKS = YES;
				GCC_WARN_64_TO_32_BIT_CONVERSION = YES;
				GCC_WARN_ABOUT_RETURN_TYPE = YES_ERROR;
				GCC_WARN_UNDECLARED_SELECTOR = YES;
				GCC_WARN_UNINITIALIZED_AUTOS = YES_AGGRESSIVE;
				GCC_WARN_UNUSED_FUNCTION = YES;
				GCC_WARN_UNUSED_VARIABLE = YES;
				IPHONEOS_DEPLOYMENT_TARGET = 12.1;
				MTL_ENABLE_DEBUG_INFO = NO;
				MTL_FAST_MATH = YES;
				SDKROOT = iphoneos;
				SWIFT_COMPILATION_MODE = wholemodule;
				SWIFT_OPTIMIZATION_LEVEL = "-O";
				VALIDATE_PRODUCT = YES;
			};
			name = Release;
		};
		BB09698421E17C9300506E90 /* Debug */ = {
			isa = XCBuildConfiguration;
			buildSettings = {
				ASSETCATALOG_COMPILER_APPICON_NAME = AppIcon;
				CODE_SIGN_STYLE = Automatic;
				DEVELOPMENT_TEAM = B3ZKJZUE9E;
				INFOPLIST_FILE = SampleReplayKit/Info.plist;
				LD_RUNPATH_SEARCH_PATHS = (
					"$(inherited)",
					"@executable_path/Frameworks",
				);
				PRODUCT_BUNDLE_IDENTIFIER = "com-dbank-com.SampleReplayKit";
				PRODUCT_NAME = "$(TARGET_NAME)";
				SWIFT_VERSION = 5.0;
				TARGETED_DEVICE_FAMILY = "1,2";
			};
			name = Debug;
		};
		BB09698521E17C9300506E90 /* Release */ = {
			isa = XCBuildConfiguration;
			buildSettings = {
				ASSETCATALOG_COMPILER_APPICON_NAME = AppIcon;
				CODE_SIGN_STYLE = Automatic;
				DEVELOPMENT_TEAM = B3ZKJZUE9E;
				INFOPLIST_FILE = SampleReplayKit/Info.plist;
				LD_RUNPATH_SEARCH_PATHS = (
					"$(inherited)",
					"@executable_path/Frameworks",
				);
				PRODUCT_BUNDLE_IDENTIFIER = "com-dbank-com.SampleReplayKit";
				PRODUCT_NAME = "$(TARGET_NAME)";
				SWIFT_VERSION = 5.0;
				TARGETED_DEVICE_FAMILY = "1,2";
			};
			name = Release;
		};
/* End XCBuildConfiguration section */

/* Begin XCConfigurationList section */
		BB09695621E17C9200506E90 /* Build configuration list for PBXProject "SampleReplayKit" */ = {
			isa = XCConfigurationList;
			buildConfigurations = (
				BB09698121E17C9300506E90 /* Debug */,
				BB09698221E17C9300506E90 /* Release */,
			);
			defaultConfigurationIsVisible = 0;
			defaultConfigurationName = Release;
		};
		BB09698321E17C9300506E90 /* Build configuration list for PBXNativeTarget "SampleReplayKit" */ = {
			isa = XCConfigurationList;
			buildConfigurations = (
				BB09698421E17C9300506E90 /* Debug */,
				BB09698521E17C9300506E90 /* Release */,
			);
			defaultConfigurationIsVisible = 0;
			defaultConfigurationName = Release;
		};
/* End XCConfigurationList section */
	};
	rootObject = BB09695321E17C9200506E90 /* Project object */;
}
